
Microsoft Visual Studio Solution File, Format Version 12.00
# Visual Studio 15
Project("{FAE04EC0-301F-11D3-BF4B-00C04F79EFBC}") = "Covid-Alert", "Covid-Alert.csproj", "{53780AE4-F5E8-4237-84DB-B7DA56CE8028}"
EndProject
Global
	GlobalSection(SolutionConfigurationPlatforms) = preSolution
		Debug|Any CPU = Debug|Any CPU
		Release|Any CPU = Release|Any CPU
	EndGlobalSection
	GlobalSection(ProjectConfigurationPlatforms) = postSolution
		{53780AE4-F5E8-4237-84DB-B7DA56CE8028}.Debug|Any CPU.ActiveCfg = Debug|Any CPU
		{53780AE4-F5E8-4237-84DB-B7DA56CE8028}.Debug|Any CPU.Build.0 = Debug|Any CPU
		{53780AE4-F5E8-4237-84DB-B7DA56CE8028}.Release|Any CPU.ActiveCfg = Release|Any CPU
		{53780AE4-F5E8-4237-84DB-B7DA56CE8028}.Release|Any CPU.Build.0 = Release|Any CPU
	EndGlobalSection
EndGlobal
